
Microsoft Visual Studio Solution File, Format Version 12.00
# Visual Studio Version 17
VisualStudioVersion = 17.4.33403.182
MinimumVisualStudioVersion = 10.0.40219.1
Project("{9A19103F-16F7-4668-BE54-9A1E7A4F7556}") = "Opgave 1", "Opgave 1.csproj", "{82BD3B8B-50FB-4222-B44F-9A73EE4E5E41}"
EndProject
Project("{9A19103F-16F7-4668-BE54-9A1E7A4F7556}") = "Opgave 1 test", "..\Opgave 1 test\Opgave 1 test.csproj", "{7B6B7972-2C62-44E9-B475-52871BF36B9F}"
EndProject
Project("{FAE04EC0-301F-11D3-BF4B-00C04F79EFBC}") = "TestProject2", "..\Opgave 1\TestProject2\TestProject2.csproj", "{B83E0539-426D-44DC-BA41-6B987B6EBD86}"
EndProject
Global
	GlobalSection(SolutionConfigurationPlatforms) = preSolution
		Debug|Any CPU = Debug|Any CPU
		Release|Any CPU = Release|Any CPU
	EndGlobalSection
	GlobalSection(ProjectConfigurationPlatforms) = postSolution
		{82BD3B8B-50FB-4222-B44F-9A73EE4E5E41}.Debug|Any CPU.ActiveCfg = Debug|Any CPU
		{82BD3B8B-50FB-4222-B44F-9A73EE4E5E41}.Debug|Any CPU.Build.0 = Debug|Any CPU
		{82BD3B8B-50FB-4222-B44F-9A73EE4E5E41}.Release|Any CPU.ActiveCfg = Release|Any CPU
		{82BD3B8B-50FB-4222-B44F-9A73EE4E5E41}.Release|Any CPU.Build.0 = Release|Any CPU
		{7B6B7972-2C62-44E9-B475-52871BF36B9F}.Debug|Any CPU.ActiveCfg = Debug|Any CPU
		{7B6B7972-2C62-44E9-B475-52871BF36B9F}.Debug|Any CPU.Build.0 = Debug|Any CPU
		{7B6B7972-2C62-44E9-B475-52871BF36B9F}.Release|Any CPU.ActiveCfg = Release|Any CPU
		{7B6B7972-2C62-44E9-B475-52871BF36B9F}.Release|Any CPU.Build.0 = Release|Any CPU
		{B83E0539-426D-44DC-BA41-6B987B6EBD86}.Debug|Any CPU.ActiveCfg = Debug|Any CPU
		{B83E0539-426D-44DC-BA41-6B987B6EBD86}.Debug|Any CPU.Build.0 = Debug|Any CPU
		{B83E0539-426D-44DC-BA41-6B987B6EBD86}.Release|Any CPU.ActiveCfg = Release|Any CPU
		{B83E0539-426D-44DC-BA41-6B987B6EBD86}.Release|Any CPU.Build.0 = Release|Any CPU
	EndGlobalSection
	GlobalSection(SolutionProperties) = preSolution
		HideSolutionNode = FALSE
	EndGlobalSection
	GlobalSection(ExtensibilityGlobals) = postSolution
		SolutionGuid = {E00F9FCF-A4C0-4528-AC29-6A117DD14CCD}
	EndGlobalSection
EndGlobal
